// !$*UTF8*$!
{
	archiveVersion = 1;
	classes = {
	};
	objectVersion = 50;
	objects = {

/* Begin PBXBuildFile section */
		20026A7A232112480060DFC3 /* AppDelegate.swift in Sources */ = {isa = PBXBuildFile; fileRef = 20026A79232112480060DFC3 /* AppDelegate.swift */; };
		20026A7C232112480060DFC3 /* ViewController.swift in Sources */ = {isa = PBXBuildFile; fileRef = 20026A7B232112480060DFC3 /* ViewController.swift */; };
		20026A7F232112480060DFC3 /* Main.storyboard in Resources */ = {isa = PBXBuildFile; fileRef = 20026A7D232112480060DFC3 /* Main.storyboard */; };
		20026A812321124A0060DFC3 /* Assets.xcassets in Resources */ = {isa = PBXBuildFile; fileRef = 20026A802321124A0060DFC3 /* Assets.xcassets */; };
		20026A842321124A0060DFC3 /* LaunchScreen.storyboard in Resources */ = {isa = PBXBuildFile; fileRef = 20026A822321124A0060DFC3 /* LaunchScreen.storyboard */; };
		20026A8F2321124A0060DFC3 /* CarouselTests.swift in Sources */ = {isa = PBXBuildFile; fileRef = 20026A8E2321124A0060DFC3 /* CarouselTests.swift */; };
		20026A9A2321124A0060DFC3 /* CarouselUITests.swift in Sources */ = {isa = PBXBuildFile; fileRef = 20026A992321124A0060DFC3 /* CarouselUITests.swift */; };
		20026AA92321128D0060DFC3 /* Panel.swift in Sources */ = {isa = PBXBuildFile; fileRef = 20026AA72321128C0060DFC3 /* Panel.swift */; };
		20026AAA2321128D0060DFC3 /* Panel.xib in Resources */ = {isa = PBXBuildFile; fileRef = 20026AA82321128D0060DFC3 /* Panel.xib */; };
		20026AAD232113340060DFC3 /* Carousel.swift in Sources */ = {isa = PBXBuildFile; fileRef = 20026AAC232113340060DFC3 /* Carousel.swift */; };
		20026AAF2321139F0060DFC3 /* Card.swift in Sources */ = {isa = PBXBuildFile; fileRef = 20026AAE2321139F0060DFC3 /* Card.swift */; };
/* End PBXBuildFile section */

/* Begin PBXContainerItemProxy section */
		20026A8B2321124A0060DFC3 /* PBXContainerItemProxy */ = {
			isa = PBXContainerItemProxy;
			containerPortal = 20026A6E232112480060DFC3 /* Project object */;
			proxyType = 1;
			remoteGlobalIDString = 20026A75232112480060DFC3;
			remoteInfo = Carousel;
		};
		20026A962321124A0060DFC3 /* PBXContainerItemProxy */ = {
			isa = PBXContainerItemProxy;
			containerPortal = 20026A6E232112480060DFC3 /* Project object */;
			proxyType = 1;
			remoteGlobalIDString = 20026A75232112480060DFC3;
			remoteInfo = Carousel;
		};
/* End PBXContainerItemProxy section */

/* Begin PBXFileReference section */
		20026A76232112480060DFC3 /* Carousel.app */ = {isa = PBXFileReference; explicitFileType = wrapper.application; includeInIndex = 0; path = Carousel.app; sourceTree = BUILT_PRODUCTS_DIR; };
		20026A79232112480060DFC3 /* AppDelegate.swift */ = {isa = PBXFileReference; lastKnownFileType = sourcecode.swift; path = AppDelegate.swift; sourceTree = "<group>"; };
		20026A7B232112480060DFC3 /* ViewController.swift */ = {isa = PBXFileReference; lastKnownFileType = sourcecode.swift; path = ViewController.swift; sourceTree = "<group>"; };
		20026A7E232112480060DFC3 /* Base */ = {isa = PBXFileReference; lastKnownFileType = file.storyboard; name = Base; path = Base.lproj/Main.storyboard; sourceTree = "<group>"; };
		20026A802321124A0060DFC3 /* Assets.xcassets */ = {isa = PBXFileReference; lastKnownFileType = folder.assetcatalog; path = Assets.xcassets; sourceTree = "<group>"; };
		20026A832321124A0060DFC3 /* Base */ = {isa = PBXFileReference; lastKnownFileType = file.storyboard; name = Base; path = Base.lproj/LaunchScreen.storyboard; sourceTree = "<group>"; };
		20026A852321124A0060DFC3 /* Info.plist */ = {isa = PBXFileReference; lastKnownFileType = text.plist.xml; path = Info.plist; sourceTree = "<group>"; };
		20026A8A2321124A0060DFC3 /* CarouselTests.xctest */ = {isa = PBXFileReference; explicitFileType = wrapper.cfbundle; includeInIndex = 0; path = CarouselTests.xctest; sourceTree = BUILT_PRODUCTS_DIR; };
		20026A8E2321124A0060DFC3 /* CarouselTests.swift */ = {isa = PBXFileReference; lastKnownFileType = sourcecode.swift; path = CarouselTests.swift; sourceTree = "<group>"; };
		20026A902321124A0060DFC3 /* Info.plist */ = {isa = PBXFileReference; lastKnownFileType = text.plist.xml; path = Info.plist; sourceTree = "<group>"; };
		20026A952321124A0060DFC3 /* CarouselUITests.xctest */ = {isa = PBXFileReference; explicitFileType = wrapper.cfbundle; includeInIndex = 0; path = CarouselUITests.xctest; sourceTree = BUILT_PRODUCTS_DIR; };
		20026A992321124A0060DFC3 /* CarouselUITests.swift */ = {isa = PBXFileReference; lastKnownFileType = sourcecode.swift; path = CarouselUITests.swift; sourceTree = "<group>"; };
		20026A9B2321124A0060DFC3 /* Info.plist */ = {isa = PBXFileReference; lastKnownFileType = text.plist.xml; path = Info.plist; sourceTree = "<group>"; };
		20026AA72321128C0060DFC3 /* Panel.swift */ = {isa = PBXFileReference; lastKnownFileType = sourcecode.swift; path = Panel.swift; sourceTree = "<group>"; };
		20026AA82321128D0060DFC3 /* Panel.xib */ = {isa = PBXFileReference; lastKnownFileType = file.xib; path = Panel.xib; sourceTree = "<group>"; };
		20026AAC232113340060DFC3 /* Carousel.swift */ = {isa = PBXFileReference; lastKnownFileType = sourcecode.swift; path = Carousel.swift; sourceTree = "<group>"; };
		20026AAE2321139F0060DFC3 /* Card.swift */ = {isa = PBXFileReference; lastKnownFileType = sourcecode.swift; path = Card.swift; sourceTree = "<group>"; };
/* End PBXFileReference section */

/* Begin PBXFrameworksBuildPhase section */
		20026A73232112480060DFC3 /* Frameworks */ = {
			isa = PBXFrameworksBuildPhase;
			buildActionMask = 2147483647;
			files = (
			);
			runOnlyForDeploymentPostprocessing = 0;
		};
		20026A872321124A0060DFC3 /* Frameworks */ = {
			isa = PBXFrameworksBuildPhase;
			buildActionMask = 2147483647;
			files = (
			);
			runOnlyForDeploymentPostprocessing = 0;
		};
		20026A922321124A0060DFC3 /* Frameworks */ = {
			isa = PBXFrameworksBuildPhase;
			buildActionMask = 2147483647;
			files = (
			);
			runOnlyForDeploymentPostprocessing = 0;
		};
/* End PBXFrameworksBuildPhase section */

/* Begin PBXGroup section */
		20026A6D232112480060DFC3 = {
			isa = PBXGroup;
			children = (
				20026A78232112480060DFC3 /* Carousel */,
				20026A8D2321124A0060DFC3 /* CarouselTests */,
				20026A982321124A0060DFC3 /* CarouselUITests */,
				20026A77232112480060DFC3 /* Products */,
			);
			sourceTree = "<group>";
		};
		20026A77232112480060DFC3 /* Products */ = {
			isa = PBXGroup;
			children = (
				20026A76232112480060DFC3 /* Carousel.app */,
				20026A8A2321124A0060DFC3 /* CarouselTests.xctest */,
				20026A952321124A0060DFC3 /* CarouselUITests.xctest */,
			);
			name = Products;
			sourceTree = "<group>";
		};
		20026A78232112480060DFC3 /* Carousel */ = {
			isa = PBXGroup;
			children = (
				20026AAB232112920060DFC3 /* Panel */,
				20026A79232112480060DFC3 /* AppDelegate.swift */,
				20026A7B232112480060DFC3 /* ViewController.swift */,
				20026A7D232112480060DFC3 /* Main.storyboard */,
				20026A802321124A0060DFC3 /* Assets.xcassets */,
				20026A822321124A0060DFC3 /* LaunchScreen.storyboard */,
				20026A852321124A0060DFC3 /* Info.plist */,
				20026AAC232113340060DFC3 /* Carousel.swift */,
			);
			path = Carousel;
			sourceTree = "<group>";
		};
		20026A8D2321124A0060DFC3 /* CarouselTests */ = {
			isa = PBXGroup;
			children = (
				20026A8E2321124A0060DFC3 /* CarouselTests.swift */,
				20026A902321124A0060DFC3 /* Info.plist */,
			);
			path = CarouselTests;
			sourceTree = "<group>";
		};
		20026A982321124A0060DFC3 /* CarouselUITests */ = {
			isa = PBXGroup;
			children = (
				20026A992321124A0060DFC3 /* CarouselUITests.swift */,
				20026A9B2321124A0060DFC3 /* Info.plist */,
			);
			path = CarouselUITests;
			sourceTree = "<group>";
		};
		20026AAB232112920060DFC3 /* Panel */ = {
			isa = PBXGroup;
			children = (
				20026AA72321128C0060DFC3 /* Panel.swift */,
				20026AA82321128D0060DFC3 /* Panel.xib */,
				20026AAE2321139F0060DFC3 /* Card.swift */,
			);
			path = Panel;
			sourceTree = "<group>";
		};
/* End PBXGroup section */

/* Begin PBXNativeTarget section */
		20026A75232112480060DFC3 /* Carousel */ = {
			isa = PBXNativeTarget;
			buildConfigurationList = 20026A9E2321124A0060DFC3 /* Build configuration list for PBXNativeTarget "Carousel" */;
			buildPhases = (
				20026A72232112480060DFC3 /* Sources */,
				20026A73232112480060DFC3 /* Frameworks */,
				20026A74232112480060DFC3 /* Resources */,
			);
			buildRules = (
			);
			dependencies = (
			);
			name = Carousel;
			productName = Carousel;
			productReference = 20026A76232112480060DFC3 /* Carousel.app */;
			productType = "com.apple.product-type.application";
		};
		20026A892321124A0060DFC3 /* CarouselTests */ = {
			isa = PBXNativeTarget;
			buildConfigurationList = 20026AA12321124A0060DFC3 /* Build configuration list for PBXNativeTarget "CarouselTests" */;
			buildPhases = (
				20026A862321124A0060DFC3 /* Sources */,
				20026A872321124A0060DFC3 /* Frameworks */,
				20026A882321124A0060DFC3 /* Resources */,
			);
			buildRules = (
			);
			dependencies = (
				20026A8C2321124A0060DFC3 /* PBXTargetDependency */,
			);
			name = CarouselTests;
			productName = CarouselTests;
			productReference = 20026A8A2321124A0060DFC3 /* CarouselTests.xctest */;
			productType = "com.apple.product-type.bundle.unit-test";
		};
		20026A942321124A0060DFC3 /* CarouselUITests */ = {
			isa = PBXNativeTarget;
			buildConfigurationList = 20026AA42321124A0060DFC3 /* Build configuration list for PBXNativeTarget "CarouselUITests" */;
			buildPhases = (
				20026A912321124A0060DFC3 /* Sources */,
				20026A922321124A0060DFC3 /* Frameworks */,
				20026A932321124A0060DFC3 /* Resources */,
			);
			buildRules = (
			);
			dependencies = (
				20026A972321124A0060DFC3 /* PBXTargetDependency */,
			);
			name = CarouselUITests;
			productName = CarouselUITests;
			productReference = 20026A952321124A0060DFC3 /* CarouselUITests.xctest */;
			productType = "com.apple.product-type.bundle.ui-testing";
		};
/* End PBXNativeTarget section */

/* Begin PBXProject section */
		20026A6E232112480060DFC3 /* Project object */ = {
			isa = PBXProject;
			attributes = {
				LastSwiftUpdateCheck = 1030;
				LastUpgradeCheck = 1030;
				ORGANIZATIONNAME = "Felipe Fernandes";
				TargetAttributes = {
					20026A75232112480060DFC3 = {
						CreatedOnToolsVersion = 10.3;
					};
					20026A892321124A0060DFC3 = {
						CreatedOnToolsVersion = 10.3;
						TestTargetID = 20026A75232112480060DFC3;
					};
					20026A942321124A0060DFC3 = {
						CreatedOnToolsVersion = 10.3;
						TestTargetID = 20026A75232112480060DFC3;
					};
				};
			};
			buildConfigurationList = 20026A71232112480060DFC3 /* Build configuration list for PBXProject "Carousel" */;
			compatibilityVersion = "Xcode 9.3";
			developmentRegion = en;
			hasScannedForEncodings = 0;
			knownRegions = (
				en,
				Base,
			);
			mainGroup = 20026A6D232112480060DFC3;
			productRefGroup = 20026A77232112480060DFC3 /* Products */;
			projectDirPath = "";
			projectRoot = "";
			targets = (
				20026A75232112480060DFC3 /* Carousel */,
				20026A892321124A0060DFC3 /* CarouselTests */,
				20026A942321124A0060DFC3 /* CarouselUITests */,
			);
		};
/* End PBXProject section */

/* Begin PBXResourcesBuildPhase section */
		20026A74232112480060DFC3 /* Resources */ = {
			isa = PBXResourcesBuildPhase;
			buildActionMask = 2147483647;
			files = (
				20026A842321124A0060DFC3 /* LaunchScreen.storyboard in Resources */,
				20026A812321124A0060DFC3 /* Assets.xcassets in Resources */,
				20026A7F232112480060DFC3 /* Main.storyboard in Resources */,
				20026AAA2321128D0060DFC3 /* Panel.xib in Resources */,
			);
			runOnlyForDeploymentPostprocessing = 0;
		};
		20026A882321124A0060DFC3 /* Resources */ = {
			isa = PBXResourcesBuildPhase;
			buildActionMask = 2147483647;
			files = (
			);
			runOnlyForDeploymentPostprocessing = 0;
		};
		20026A932321124A0060DFC3 /* Resources */ = {
			isa = PBXResourcesBuildPhase;
			buildActionMask = 2147483647;
			files = (
			);
			runOnlyForDeploymentPostprocessing = 0;
		};
/* End PBXResourcesBuildPhase section */

/* Begin PBXSourcesBuildPhase section */
		20026A72232112480060DFC3 /* Sources */ = {
			isa = PBXSourcesBuildPhase;
			buildActionMask = 2147483647;
			files = (
				20026A7C232112480060DFC3 /* ViewController.swift in Sources */,
				20026AA92321128D0060DFC3 /* Panel.swift in Sources */,
				20026AAF2321139F0060DFC3 /* Card.swift in Sources */,
				20026A7A232112480060DFC3 /* AppDelegate.swift in Sources */,
				20026AAD232113340060DFC3 /* Carousel.swift in Sources */,
			);
			runOnlyForDeploymentPostprocessing = 0;
		};
		20026A862321124A0060DFC3 /* Sources */ = {
			isa = PBXSourcesBuildPhase;
			buildActionMask = 2147483647;
			files = (
				20026A8F2321124A0060DFC3 /* CarouselTests.swift in Sources */,
			);
			runOnlyForDeploymentPostprocessing = 0;
		};
		20026A912321124A0060DFC3 /* Sources */ = {
			isa = PBXSourcesBuildPhase;
			buildActionMask = 2147483647;
			files = (
				20026A9A2321124A0060DFC3 /* CarouselUITests.swift in Sources */,
			);
			runOnlyForDeploymentPostprocessing = 0;
		};
/* End PBXSourcesBuildPhase section */

/* Begin PBXTargetDependency section */
		20026A8C2321124A0060DFC3 /* PBXTargetDependency */ = {
			isa = PBXTargetDependency;
			target = 20026A75232112480060DFC3 /* Carousel */;
			targetProxy = 20026A8B2321124A0060DFC3 /* PBXContainerItemProxy */;
		};
		20026A972321124A0060DFC3 /* PBXTargetDependency */ = {
			isa = PBXTargetDependency;
			target = 20026A75232112480060DFC3 /* Carousel */;
			targetProxy = 20026A962321124A0060DFC3 /* PBXContainerItemProxy */;
		};
/* End PBXTargetDependency section */

/* Begin PBXVariantGroup section */
		20026A7D232112480060DFC3 /* Main.storyboard */ = {
			isa = PBXVariantGroup;
			children = (
				20026A7E232112480060DFC3 /* Base */,
			);
			name = Main.storyboard;
			sourceTree = "<group>";
		};
		20026A822321124A0060DFC3 /* LaunchScreen.storyboard */ = {
			isa = PBXVariantGroup;
			children = (
				20026A832321124A0060DFC3 /* Base */,
			);
			name = LaunchScreen.storyboard;
			sourceTree = "<group>";
		};
/* End PBXVariantGroup section */

/* Begin XCBuildConfiguration section */
		20026A9C2321124A0060DFC3 /* Debug */ = {
			isa = XCBuildConfiguration;
			buildSettings = {
				ALWAYS_SEARCH_USER_PATHS = NO;
				CLANG_ANALYZER_NONNULL = YES;
				CLANG_ANALYZER_NUMBER_OBJECT_CONVERSION = YES_AGGRESSIVE;
				CLANG_CXX_LANGUAGE_STANDARD = "gnu++14";
				CLANG_CXX_LIBRARY = "libc++";
				CLANG_ENABLE_MODULES = YES;
				CLANG_ENABLE_OBJC_ARC = YES;
				CLANG_ENABLE_OBJC_WEAK = YES;
				CLANG_WARN_BLOCK_CAPTURE_AUTORELEASING = YES;
				CLANG_WARN_BOOL_CONVERSION = YES;
				CLANG_WARN_COMMA = YES;
				CLANG_WARN_CONSTANT_CONVERSION = YES;
				CLANG_WARN_DEPRECATED_OBJC_IMPLEMENTATIONS = YES;
				CLANG_WARN_DIRECT_OBJC_ISA_USAGE = YES_ERROR;
				CLANG_WARN_DOCUMENTATION_COMMENTS = YES;
				CLANG_WARN_EMPTY_BODY = YES;
				CLANG_WARN_ENUM_CONVERSION = YES;
				CLANG_WARN_INFINITE_RECURSION = YES;
				CLANG_WARN_INT_CONVERSION = YES;
				CLANG_WARN_NON_LITERAL_NULL_CONVERSION = YES;
				CLANG_WARN_OBJC_IMPLICIT_RETAIN_SELF = YES;
				CLANG_WARN_OBJC_LITERAL_CONVERSION = YES;
				CLANG_WARN_OBJC_ROOT_CLASS = YES_ERROR;
				CLANG_WARN_RANGE_LOOP_ANALYSIS = YES;
				CLANG_WARN_STRICT_PROTOTYPES = YES;
				CLANG_WARN_SUSPICIOUS_MOVE = YES;
				CLANG_WARN_UNGUARDED_AVAILABILITY = YES_AGGRESSIVE;
				CLANG_WARN_UNREACHABLE_CODE = YES;
				CLANG_WARN__DUPLICATE_METHOD_MATCH = YES;
				CODE_SIGN_IDENTITY = "iPhone Developer";
				COPY_PHASE_STRIP = NO;
				DEBUG_INFORMATION_FORMAT = dwarf;
				ENABLE_STRICT_OBJC_MSGSEND = YES;
				ENABLE_TESTABILITY = YES;
				GCC_C_LANGUAGE_STANDARD = gnu11;
				GCC_DYNAMIC_NO_PIC = NO;
				GCC_NO_COMMON_BLOCKS = YES;
				GCC_OPTIMIZATION_LEVEL = 0;
				GCC_PREPROCESSOR_DEFINITIONS = (
					"DEBUG=1",
					"$(inherited)",
				);
				GCC_WARN_64_TO_32_BIT_CONVERSION = YES;
				GCC_WARN_ABOUT_RETURN_TYPE = YES_ERROR;
				GCC_WARN_UNDECLARED_SELECTOR = YES;
				GCC_WARN_UNINITIALIZED_AUTOS = YES_AGGRESSIVE;
				GCC_WARN_UNUSED_FUNCTION = YES;
				GCC_WARN_UNUSED_VARIABLE = YES;
				IPHONEOS_DEPLOYMENT_TARGET = 12.4;
				MTL_ENABLE_DEBUG_INFO = INCLUDE_SOURCE;
				MTL_FAST_MATH = YES;
				ONLY_ACTIVE_ARCH = YES;
				SDKROOT = iphoneos;
				SWIFT_ACTIVE_COMPILATION_CONDITIONS = DEBUG;
				SWIFT_OPTIMIZATION_LEVEL = "-Onone";
			};
			name = Debug;
		};
		20026A9D2321124A0060DFC3 /* Release */ = {
			isa = XCBuildConfiguration;
			buildSettings = {
				ALWAYS_SEARCH_USER_PATHS = NO;
				CLANG_ANALYZER_NONNULL = YES;
				CLANG_ANALYZER_NUMBER_OBJECT_CONVERSION = YES_AGGRESSIVE;
				CLANG_CXX_LANGUAGE_STANDARD = "gnu++14";
				CLANG_CXX_LIBRARY = "libc++";
				CLANG_ENABLE_MODULES = YES;
				CLANG_ENABLE_OBJC_ARC = YES;
				CLANG_ENABLE_OBJC_WEAK = YES;
				CLANG_WARN_BLOCK_CAPTURE_AUTORELEASING = YES;
				CLANG_WARN_BOOL_CONVERSION = YES;
				CLANG_WARN_COMMA = YES;
				CLANG_WARN_CONSTANT_CONVERSION = YES;
				CLANG_WARN_DEPRECATED_OBJC_IMPLEMENTATIONS = YES;
				CLANG_WARN_DIRECT_OBJC_ISA_USAGE = YES_ERROR;
				CLANG_WARN_DOCUMENTATION_COMMENTS = YES;
				CLANG_WARN_EMPTY_BODY = YES;
				CLANG_WARN_ENUM_CONVERSION = YES;
				CLANG_WARN_INFINITE_RECURSION = YES;
				CLANG_WARN_INT_CONVERSION = YES;
				CLANG_WARN_NON_LITERAL_NULL_CONVERSION = YES;
				CLANG_WARN_OBJC_IMPLICIT_RETAIN_SELF = YES;
				CLANG_WARN_OBJC_LITERAL_CONVERSION = YES;
				CLANG_WARN_OBJC_ROOT_CLASS = YES_ERROR;
				CLANG_WARN_RANGE_LOOP_ANALYSIS = YES;
				CLANG_WARN_STRICT_PROTOTYPES = YES;
				CLANG_WARN_SUSPICIOUS_MOVE = YES;
				CLANG_WARN_UNGUARDED_AVAILABILITY = YES_AGGRESSIVE;
				CLANG_WARN_UNREACHABLE_CODE = YES;
				CLANG_WARN__DUPLICATE_METHOD_MATCH = YES;
				CODE_SIGN_IDENTITY = "iPhone Developer";
				COPY_PHASE_STRIP = NO;
				DEBUG_INFORMATION_FORMAT = "dwarf-with-dsym";
				ENABLE_NS_ASSERTIONS = NO;
				ENABLE_STRICT_OBJC_MSGSEND = YES;
				GCC_C_LANGUAGE_STANDARD = gnu11;
				GCC_NO_COMMON_BLOCKS = YES;
				GCC_WARN_64_TO_32_BIT_CONVERSION = YES;
				GCC_WARN_ABOUT_RETURN_TYPE = YES_ERROR;
				GCC_WARN_UNDECLARED_SELECTOR = YES;
				GCC_WARN_UNINITIALIZED_AUTOS = YES_AGGRESSIVE;
				GCC_WARN_UNUSED_FUNCTION = YES;
				GCC_WARN_UNUSED_VARIABLE = YES;
				IPHONEOS_DEPLOYMENT_TARGET = 12.4;
				MTL_ENABLE_DEBUG_INFO = NO;
				MTL_FAST_MATH = YES;
				SDKROOT = iphoneos;
				SWIFT_COMPILATION_MODE = wholemodule;
				SWIFT_OPTIMIZATION_LEVEL = "-O";
				VALIDATE_PRODUCT = YES;
			};
			name = Release;
		};
		20026A9F2321124A0060DFC3 /* Debug */ = {
			isa = XCBuildConfiguration;
			buildSettings = {
				ASSETCATALOG_COMPILER_APPICON_NAME = AppIcon;
				CODE_SIGN_STYLE = Automatic;
				DEVELOPMENT_TEAM = P9B4MUP9K5;
				INFOPLIST_FILE = Carousel/Info.plist;
				LD_RUNPATH_SEARCH_PATHS = (
					"$(inherited)",
					"@executable_path/Frameworks",
				);
				PRODUCT_BUNDLE_IDENTIFIER = Nandz.Carousel;
				PRODUCT_NAME = "$(TARGET_NAME)";
				SWIFT_VERSION = 5.0;
				TARGETED_DEVICE_FAMILY = "1,2";
			};
			name = Debug;
		};
		20026AA02321124A0060DFC3 /* Release */ = {
			isa = XCBuildConfiguration;
			buildSettings = {
				ASSETCATALOG_COMPILER_APPICON_NAME = AppIcon;
				CODE_SIGN_STYLE = Automatic;
				DEVELOPMENT_TEAM = P9B4MUP9K5;
				INFOPLIST_FILE = Carousel/Info.plist;
				LD_RUNPATH_SEARCH_PATHS = (
					"$(inherited)",
					"@executable_path/Frameworks",
				);
				PRODUCT_BUNDLE_IDENTIFIER = Nandz.Carousel;
				PRODUCT_NAME = "$(TARGET_NAME)";
				SWIFT_VERSION = 5.0;
				TARGETED_DEVICE_FAMILY = "1,2";
			};
			name = Release;
		};
		20026AA22321124A0060DFC3 /* Debug */ = {
			isa = XCBuildConfiguration;
			buildSettings = {
				ALWAYS_EMBED_SWIFT_STANDARD_LIBRARIES = YES;
				BUNDLE_LOADER = "$(TEST_HOST)";
				CODE_SIGN_STYLE = Automatic;
				DEVELOPMENT_TEAM = P9B4MUP9K5;
				INFOPLIST_FILE = CarouselTests/Info.plist;
				LD_RUNPATH_SEARCH_PATHS = (
					"$(inherited)",
					"@executable_path/Frameworks",
					"@loader_path/Frameworks",
				);
				PRODUCT_BUNDLE_IDENTIFIER = Nandz.CarouselTests;
				PRODUCT_NAME = "$(TARGET_NAME)";
				SWIFT_VERSION = 5.0;
				TARGETED_DEVICE_FAMILY = "1,2";
				TEST_HOST = "$(BUILT_PRODUCTS_DIR)/Carousel.app/Carousel";
			};
			name = Debug;
		};
		20026AA32321124A0060DFC3 /* Release */ = {
			isa = XCBuildConfiguration;
			buildSettings = {
				ALWAYS_EMBED_SWIFT_STANDARD_LIBRARIES = YES;
				BUNDLE_LOADER = "$(TEST_HOST)";
				CODE_SIGN_STYLE = Automatic;
				DEVELOPMENT_TEAM = P9B4MUP9K5;
				INFOPLIST_FILE = CarouselTests/Info.plist;
				LD_RUNPATH_SEARCH_PATHS = (
					"$(inherited)",
					"@executable_path/Frameworks",
					"@loader_path/Frameworks",
				);
				PRODUCT_BUNDLE_IDENTIFIER = Nandz.CarouselTests;
				PRODUCT_NAME = "$(TARGET_NAME)";
				SWIFT_VERSION = 5.0;
				TARGETED_DEVICE_FAMILY = "1,2";
				TEST_HOST = "$(BUILT_PRODUCTS_DIR)/Carousel.app/Carousel";
			};
			name = Release;
		};
		20026AA52321124A0060DFC3 /* Debug */ = {
			isa = XCBuildConfiguration;
			buildSettings = {
				ALWAYS_EMBED_SWIFT_STANDARD_LIBRARIES = YES;
				CODE_SIGN_STYLE = Automatic;
				DEVELOPMENT_TEAM = P9B4MUP9K5;
				INFOPLIST_FILE = CarouselUITests/Info.plist;
				LD_RUNPATH_SEARCH_PATHS = (
					"$(inherited)",
					"@executable_path/Frameworks",
					"@loader_path/Frameworks",
				);
				PRODUCT_BUNDLE_IDENTIFIER = Nandz.CarouselUITests;
				PRODUCT_NAME = "$(TARGET_NAME)";
				SWIFT_VERSION = 5.0;
				TARGETED_DEVICE_FAMILY = "1,2";
				TEST_TARGET_NAME = Carousel;
			};
			name = Debug;
		};
		20026AA62321124A0060DFC3 /* Release */ = {
			isa = XCBuildConfiguration;
			buildSettings = {
				ALWAYS_EMBED_SWIFT_STANDARD_LIBRARIES = YES;
				CODE_SIGN_STYLE = Automatic;
				DEVELOPMENT_TEAM = P9B4MUP9K5;
				INFOPLIST_FILE = CarouselUITests/Info.plist;
				LD_RUNPATH_SEARCH_PATHS = (
					"$(inherited)",
					"@executable_path/Frameworks",
					"@loader_path/Frameworks",
				);
				PRODUCT_BUNDLE_IDENTIFIER = Nandz.CarouselUITests;
				PRODUCT_NAME = "$(TARGET_NAME)";
				SWIFT_VERSION = 5.0;
				TARGETED_DEVICE_FAMILY = "1,2";
				TEST_TARGET_NAME = Carousel;
			};
			name = Release;
		};
/* End XCBuildConfiguration section */

/* Begin XCConfigurationList section */
		20026A71232112480060DFC3 /* Build configuration list for PBXProject "Carousel" */ = {
			isa = XCConfigurationList;
			buildConfigurations = (
				20026A9C2321124A0060DFC3 /* Debug */,
				20026A9D2321124A0060DFC3 /* Release */,
			);
			defaultConfigurationIsVisible = 0;
			defaultConfigurationName = Release;
		};
		20026A9E2321124A0060DFC3 /* Build configuration list for PBXNativeTarget "Carousel" */ = {
			isa = XCConfigurationList;
			buildConfigurations = (
				20026A9F2321124A0060DFC3 /* Debug */,
				20026AA02321124A0060DFC3 /* Release */,
			);
			defaultConfigurationIsVisible = 0;
			defaultConfigurationName = Release;
		};
		20026AA12321124A0060DFC3 /* Build configuration list for PBXNativeTarget "CarouselTests" */ = {
			isa = XCConfigurationList;
			buildConfigurations = (
				20026AA22321124A0060DFC3 /* Debug */,
				20026AA32321124A0060DFC3 /* Release */,
			);
			defaultConfigurationIsVisible = 0;
			defaultConfigurationName = Release;
		};
		20026AA42321124A0060DFC3 /* Build configuration list for PBXNativeTarget "CarouselUITests" */ = {
			isa = XCConfigurationList;
			buildConfigurations = (
				20026AA52321124A0060DFC3 /* Debug */,
				20026AA62321124A0060DFC3 /* Release */,
			);
			defaultConfigurationIsVisible = 0;
			defaultConfigurationName = Release;
		};
/* End XCConfigurationList section */
	};
	rootObject = 20026A6E232112480060DFC3 /* Project object */;
}
